
Microsoft Visual Studio Solution File, Format Version 11.00
# Visual Studio 2010
Project("{FAE04EC0-301F-11D3-BF4B-00C04F79EFBC}") = "GitHubUploader.Core", "GitHubUploader.Core\GitHubUploader.Core.csproj", "{B3F31C32-4A65-4048-8C5D-9F334239B964}"
EndProject
Project("{FAE04EC0-301F-11D3-BF4B-00C04F79EFBC}") = "GitHubUploader.Tests", "GitHubUploader.Tests\GitHubUploader.Tests.csproj", "{F62FDF97-60CE-48C5-9197-C9DAC3578BB2}"
EndProject
Global
	GlobalSection(SolutionConfigurationPlatforms) = preSolution
		Debug|Any CPU = Debug|Any CPU
		Release|Any CPU = Release|Any CPU
	EndGlobalSection
	GlobalSection(ProjectConfigurationPlatforms) = postSolution
		{B3F31C32-4A65-4048-8C5D-9F334239B964}.Debug|Any CPU.ActiveCfg = Debug|Any CPU
		{B3F31C32-4A65-4048-8C5D-9F334239B964}.Debug|Any CPU.Build.0 = Debug|Any CPU
		{B3F31C32-4A65-4048-8C5D-9F334239B964}.Release|Any CPU.ActiveCfg = Release|Any CPU
		{B3F31C32-4A65-4048-8C5D-9F334239B964}.Release|Any CPU.Build.0 = Release|Any CPU
		{F62FDF97-60CE-48C5-9197-C9DAC3578BB2}.Debug|Any CPU.ActiveCfg = Debug|Any CPU
		{F62FDF97-60CE-48C5-9197-C9DAC3578BB2}.Debug|Any CPU.Build.0 = Debug|Any CPU
		{F62FDF97-60CE-48C5-9197-C9DAC3578BB2}.Release|Any CPU.ActiveCfg = Release|Any CPU
		{F62FDF97-60CE-48C5-9197-C9DAC3578BB2}.Release|Any CPU.Build.0 = Release|Any CPU
	EndGlobalSection
	GlobalSection(SolutionProperties) = preSolution
		HideSolutionNode = FALSE
	EndGlobalSection
EndGlobal
